
Microsoft Visual Studio Solution File, Format Version 12.00
# Visual Studio Version 16
VisualStudioVersion = 16.0.31702.278
MinimumVisualStudioVersion = 10.0.40219.1
Project("{FAE04EC0-301F-11D3-BF4B-00C04F79EFBC}") = "TheNextCar", "TheNextCar\TheNextCar.csproj", "{A64E5293-6EF1-4B64-930A-54DA52021D6B}"
EndProject
Global
	GlobalSection(SolutionConfigurationPlatforms) = preSolution
		Debug|Any CPU = Debug|Any CPU
		Release|Any CPU = Release|Any CPU
	EndGlobalSection
	GlobalSection(ProjectConfigurationPlatforms) = postSolution
		{A64E5293-6EF1-4B64-930A-54DA52021D6B}.Debug|Any CPU.ActiveCfg = Debug|Any CPU
		{A64E5293-6EF1-4B64-930A-54DA52021D6B}.Debug|Any CPU.Build.0 = Debug|Any CPU
		{A64E5293-6EF1-4B64-930A-54DA52021D6B}.Release|Any CPU.ActiveCfg = Release|Any CPU
		{A64E5293-6EF1-4B64-930A-54DA52021D6B}.Release|Any CPU.Build.0 = Release|Any CPU
	EndGlobalSection
	GlobalSection(SolutionProperties) = preSolution
		HideSolutionNode = FALSE
	EndGlobalSection
	GlobalSection(ExtensibilityGlobals) = postSolution
		SolutionGuid = {0DE7D088-0B52-4FB9-8528-11BF231C747E}
	EndGlobalSection
EndGlobal
